
Microsoft Visual Studio Solution File, Format Version 12.00
# Visual Studio Version 16
VisualStudioVersion = 16.0.29424.173
MinimumVisualStudioVersion = 10.0.40219.1
Project("{FAE04EC0-301F-11D3-BF4B-00C04F79EFBC}") = "TestApplication1", "TestApplication1\TestApplication1.csproj", "{F96C5E5C-9B95-4BDE-96AE-809173D753AA}"
EndProject
Global
	GlobalSection(SolutionConfigurationPlatforms) = preSolution
		Debug|Any CPU = Debug|Any CPU
		Release|Any CPU = Release|Any CPU
	EndGlobalSection
	GlobalSection(ProjectConfigurationPlatforms) = postSolution
		{F96C5E5C-9B95-4BDE-96AE-809173D753AA}.Debug|Any CPU.ActiveCfg = Debug|Any CPU
		{F96C5E5C-9B95-4BDE-96AE-809173D753AA}.Debug|Any CPU.Build.0 = Debug|Any CPU
		{F96C5E5C-9B95-4BDE-96AE-809173D753AA}.Release|Any CPU.ActiveCfg = Release|Any CPU
		{F96C5E5C-9B95-4BDE-96AE-809173D753AA}.Release|Any CPU.Build.0 = Release|Any CPU
	EndGlobalSection
	GlobalSection(SolutionProperties) = preSolution
		HideSolutionNode = FALSE
	EndGlobalSection
	GlobalSection(ExtensibilityGlobals) = postSolution
		SolutionGuid = {FAE5EFC0-F639-4FE1-8C4B-22A2CE58B330}
	EndGlobalSection
EndGlobal
